
Microsoft Visual Studio Solution File, Format Version 12.00
# Visual Studio 15
Project("{FAE04EC0-301F-11D3-BF4B-00C04F79EFBC}") = "test001", "test001\test001.csproj", "{35A8B5F9-C263-4889-AD23-6E762EC7ADF3}"
EndProject
Global
	GlobalSection(SolutionConfigurationPlatforms) = preSolution
		Debug|anycpu = Debug|anycpu
		Release|anycpu = Release|anycpu
	EndGlobalSection
	GlobalSection(ProjectConfigurationPlatforms) = postSolution
		{35A8B5F9-C263-4889-AD23-6E762EC7ADF3}.Debug|anycpu.ActiveCfg = Debug|anycpu
		{35A8B5F9-C263-4889-AD23-6E762EC7ADF3}.Debug|anycpu.Build.0 = Debug|anycpu
		{35A8B5F9-C263-4889-AD23-6E762EC7ADF3}.Release|anycpu.ActiveCfg = Release|anycpu
		{35A8B5F9-C263-4889-AD23-6E762EC7ADF3}.Release|anycpu.Build.0 = Release|anycpu
	EndGlobalSection
EndGlobal
